{
  "version": 4,
  "terraform_version": "1.9.8",
  "serial": 119,
  "lineage": "81452577-b276-d1cb-03c7-a42f8c2021dd",
  "outputs": {},
  "resources": [
    {
      "mode": "managed",
      "type": "docker_container",
      "name": "webserver_container",
      "provider": "provider[\"registry.terraform.io/kreuzwerker/docker\"]",
      "instances": [
        {
          "schema_version": 2,
          "attributes": {
            "attach": false,
            "bridge": "",
            "capabilities": [],
            "cgroupns_mode": null,
            "command": [
              "nginx",
              "-g",
              "daemon off;"
            ],
            "container_logs": null,
            "container_read_refresh_timeout_milliseconds": 15000,
            "cpu_set": "",
            "cpu_shares": 0,
            "destroy_grace_seconds": null,
            "devices": [],
            "dns": null,
            "dns_opts": null,
            "dns_search": null,
            "domainname": "",
            "entrypoint": [
              "/docker-entrypoint.sh"
            ],
            "env": [],
            "exit_code": null,
            "gpus": null,
            "group_add": null,
            "healthcheck": null,
            "host": [],
            "hostname": "65e4bb540378",
            "id": "65e4bb540378ec9b8f99bcce35243de1ac9ba232e41ab65873898d990b318e1f",
            "image": "sha256:b65173194668a5519b203241d10b86dd42d080c822c5160b924e05469a890e4e",
            "init": false,
            "ipc_mode": "private",
            "labels": [],
            "log_driver": "json-file",
            "log_opts": null,
            "logs": false,
            "max_retry_count": 0,
            "memory": 0,
            "memory_swap": 0,
            "mounts": [],
            "must_run": true,
            "name": "webcontainer",
            "network_data": [
              {
                "gateway": "172.17.0.1",
                "global_ipv6_address": "",
                "global_ipv6_prefix_length": 0,
                "ip_address": "172.17.0.2",
                "ip_prefix_length": 16,
                "ipv6_gateway": "",
                "mac_address": "02:42:ac:11:00:02",
                "network_name": "bridge"
              }
            ],
            "network_mode": "bridge",
            "networks_advanced": [],
            "pid_mode": "",
            "ports": [
              {
                "external": 5000,
                "internal": 80,
                "ip": "0.0.0.0",
                "protocol": "tcp"
              }
            ],
            "privileged": false,
            "publish_all_ports": false,
            "read_only": false,
            "remove_volumes": true,
            "restart": "no",
            "rm": false,
            "runtime": "runc",
            "security_opts": [],
            "shm_size": 64,
            "start": true,
            "stdin_open": false,
            "stop_signal": "SIGQUIT",
            "stop_timeout": 0,
            "storage_opts": null,
            "sysctls": null,
            "tmpfs": null,
            "tty": false,
            "ulimit": [],
            "upload": [],
            "user": "",
            "userns_mode": "",
            "volumes": [],
            "wait": false,
            "wait_timeout": 60,
            "working_dir": ""
          },
          "sensitive_attributes": [],
          "private": "eyJzY2hlbWFfdmVyc2lvbiI6IjIifQ==",
          "dependencies": [
            "docker_image.webserver_image"
          ]
        }
      ]
    },
    {
      "mode": "managed",
      "type": "docker_image",
      "name": "webserver_image",
      "provider": "provider[\"registry.terraform.io/kreuzwerker/docker\"]",
      "instances": [
        {
          "schema_version": 0,
          "attributes": {
            "build": [
              {
                "auth_config": [],
                "build_arg": null,
                "build_args": null,
                "build_id": "",
                "cache_from": [],
                "cgroup_parent": "",
                "context": "/usr/local/Docker_TF",
                "cpu_period": null,
                "cpu_quota": null,
                "cpu_set_cpus": "",
                "cpu_set_mems": "",
                "cpu_shares": null,
                "dockerfile": "Dockerfile",
                "extra_hosts": [],
                "force_remove": null,
                "isolation": "",
                "label": null,
                "labels": null,
                "memory": null,
                "memory_swap": null,
                "network_mode": "",
                "no_cache": null,
                "platform": "",
                "pull_parent": null,
                "remote_context": "",
                "remove": true,
                "security_opt": [],
                "session_id": "",
                "shm_size": null,
                "squash": null,
                "suppress_output": null,
                "tag": [],
                "target": "",
                "ulimit": [],
                "version": ""
              }
            ],
            "force_remove": null,
            "id": "sha256:b65173194668a5519b203241d10b86dd42d080c822c5160b924e05469a890e4ewebserver",
            "image_id": "sha256:b65173194668a5519b203241d10b86dd42d080c822c5160b924e05469a890e4e",
            "keep_locally": null,
            "name": "webserver",
            "platform": null,
            "pull_triggers": null,
            "repo_digest": "",
            "triggers": null
          },
          "sensitive_attributes": [],
          "private": "bnVsbA=="
        }
      ]
    },
    {
      "mode": "managed",
      "type": "local_file",
      "name": "webserver_dockerfile",
      "provider": "provider[\"registry.terraform.io/hashicorp/local\"]",
      "instances": [
        {
          "schema_version": 0,
          "attributes": {
            "content": "FROM nginx:latest\n\nCOPY ./sp/index.html  /usr/share/nginx/html/\nCOPY ./sp/style.css  /usr/share/nginx/html/\n\nEXPOSE 80\n\n",
            "content_base64": null,
            "content_base64sha256": "HZ5ClxUWiff2xApknAONQQT8WdhgUoOzpL4SV8ON4OU=",
            "content_base64sha512": "8Kz50noyNXukWxvyq/Nf5vwnLgcE6/aD37MFB9b9Ni2f9UZUDy82yaRmIqajQDoj9o0CWR7DJPEdbSZCvXEXcQ==",
            "content_md5": "f771c6c4cb0251a899515cb0aa5b9175",
            "content_sha1": "9f1fbcdaa0cba6ed7814cc012c866f4852c971d2",
            "content_sha256": "1d9e4297151689f7f6c40a649c038d4104fc59d8605283b3a4be1257c38de0e5",
            "content_sha512": "f0acf9d27a32357ba45b1bf2abf35fe6fc272e0704ebf683dfb30507d6fd362d9ff546540f2f36c9a46622a6a3403a23f68d02591ec324f11d6d2642bd711771",
            "directory_permission": "0777",
            "file_permission": "0777",
            "filename": "/usr/local/Docker_TF/Dockerfile",
            "id": "9f1fbcdaa0cba6ed7814cc012c866f4852c971d2",
            "sensitive_content": null,
            "source": null
          },
          "sensitive_attributes": [
            [
              {
                "type": "get_attr",
                "value": "sensitive_content"
              }
            ]
          ]
        }
      ]
    }
  ],
  "check_results": null
}
