{
  "version": 4,
  "terraform_version": "1.9.8",
  "serial": 141,
  "lineage": "81452577-b276-d1cb-03c7-a42f8c2021dd",
  "outputs": {},
  "resources": [
    {
      "mode": "managed",
      "type": "docker_container",
      "name": "webserver_container",
      "provider": "provider[\"registry.terraform.io/kreuzwerker/docker\"]",
      "instances": [
        {
          "schema_version": 2,
          "attributes": {
            "attach": false,
            "bridge": "",
            "capabilities": [],
            "cgroupns_mode": null,
            "command": [
              "nginx",
              "-g",
              "daemon off;"
            ],
            "container_logs": null,
            "container_read_refresh_timeout_milliseconds": 15000,
            "cpu_set": "",
            "cpu_shares": 0,
            "destroy_grace_seconds": null,
            "devices": [],
            "dns": null,
            "dns_opts": null,
            "dns_search": null,
            "domainname": "",
            "entrypoint": [
              "/docker-entrypoint.sh"
            ],
            "env": [],
            "exit_code": null,
            "gpus": null,
            "group_add": null,
            "healthcheck": null,
            "host": [],
            "hostname": "78d5c25858cb",
            "id": "78d5c25858cbd0e9f9246b3d0452f82cca45d35f6dcf22326117682216f1aa62",
            "image": "sha256:6bb6c5c6ba59235dead792bfd5f4e1f65908a62be1f043167f77fb95e87a9df2",
            "init": false,
            "ipc_mode": "private",
            "labels": [],
            "log_driver": "json-file",
            "log_opts": null,
            "logs": false,
            "max_retry_count": 0,
            "memory": 0,
            "memory_swap": 0,
            "mounts": [],
            "must_run": true,
            "name": "webcontainer",
            "network_data": [
              {
                "gateway": "172.17.0.1",
                "global_ipv6_address": "",
                "global_ipv6_prefix_length": 0,
                "ip_address": "172.17.0.2",
                "ip_prefix_length": 16,
                "ipv6_gateway": "",
                "mac_address": "02:42:ac:11:00:02",
                "network_name": "bridge"
              }
            ],
            "network_mode": "bridge",
            "networks_advanced": [],
            "pid_mode": "",
            "ports": [
              {
                "external": 5000,
                "internal": 80,
                "ip": "0.0.0.0",
                "protocol": "tcp"
              }
            ],
            "privileged": false,
            "publish_all_ports": false,
            "read_only": false,
            "remove_volumes": true,
            "restart": "no",
            "rm": false,
            "runtime": "runc",
            "security_opts": [],
            "shm_size": 64,
            "start": true,
            "stdin_open": false,
            "stop_signal": "SIGQUIT",
            "stop_timeout": 0,
            "storage_opts": null,
            "sysctls": null,
            "tmpfs": null,
            "tty": false,
            "ulimit": [],
            "upload": [],
            "user": "",
            "userns_mode": "",
            "volumes": [],
            "wait": false,
            "wait_timeout": 60,
            "working_dir": ""
          },
          "sensitive_attributes": [],
          "private": "eyJzY2hlbWFfdmVyc2lvbiI6IjIifQ==",
          "dependencies": [
            "docker_image.webserver_image"
          ]
        }
      ]
    },
    {
      "mode": "managed",
      "type": "docker_image",
      "name": "webserver_image",
      "provider": "provider[\"registry.terraform.io/kreuzwerker/docker\"]",
      "instances": [
        {
          "schema_version": 0,
          "attributes": {
            "build": [
              {
                "auth_config": [],
                "build_arg": null,
                "build_args": null,
                "build_id": "",
                "cache_from": [],
                "cgroup_parent": "",
                "context": "/usr/local/Docker_TF",
                "cpu_period": null,
                "cpu_quota": null,
                "cpu_set_cpus": "",
                "cpu_set_mems": "",
                "cpu_shares": null,
                "dockerfile": "Dockerfile",
                "extra_hosts": [],
                "force_remove": null,
                "isolation": "",
                "label": null,
                "labels": null,
                "memory": null,
                "memory_swap": null,
                "network_mode": "",
                "no_cache": null,
                "platform": "",
                "pull_parent": null,
                "remote_context": "",
                "remove": true,
                "security_opt": [],
                "session_id": "",
                "shm_size": null,
                "squash": null,
                "suppress_output": null,
                "tag": [],
                "target": "",
                "ulimit": [],
                "version": ""
              }
            ],
            "force_remove": null,
            "id": "sha256:6bb6c5c6ba59235dead792bfd5f4e1f65908a62be1f043167f77fb95e87a9df2webserver",
            "image_id": "sha256:6bb6c5c6ba59235dead792bfd5f4e1f65908a62be1f043167f77fb95e87a9df2",
            "keep_locally": null,
            "name": "webserver",
            "platform": null,
            "pull_triggers": null,
            "repo_digest": "",
            "triggers": null
          },
          "sensitive_attributes": [],
          "private": "bnVsbA=="
        }
      ]
    },
    {
      "mode": "managed",
      "type": "local_file",
      "name": "webserver_dockerfile",
      "provider": "provider[\"registry.terraform.io/hashicorp/local\"]",
      "instances": [
        {
          "schema_version": 0,
          "attributes": {
            "content": "FROM nginx:latest\n\nCOPY ./sp/index.html  /usr/share/nginx/html/\nCOPY ./sp/style.css  /usr/share/nginx/html/\nCOPY ./sp/image.jpg /usr/share/nginx/html/\n\nEXPOSE 80\n\n",
            "content_base64": null,
            "content_base64sha256": "reCSN1KpLuzfQ5PhYs/IQAdjULiP1UQ57UyjaJAVlkU=",
            "content_base64sha512": "qkZbEg7VS5CY3HYyxlyXBPS+jr2a5X+kq2MpjTgImNB9XPcSus8b1fSqIj+hVF6pgQXxH2q259DumT9fu6v7Fg==",
            "content_md5": "b7c0e04290de4a61634ff0d7e9072896",
            "content_sha1": "1908acf571d2452e2aa2d75d9a1b51697051e4d1",
            "content_sha256": "ade0923752a92eecdf4393e162cfc840076350b88fd54439ed4ca36890159645",
            "content_sha512": "aa465b120ed54b9098dc7632c65c9704f4be8ebd9ae57fa4ab63298d380898d07d5cf712bacf1bd5f4aa223fa1545ea98105f11f6ab6e7d0ee993f5fbbabfb16",
            "directory_permission": "0777",
            "file_permission": "0777",
            "filename": "/usr/local/Docker_TF/Dockerfile",
            "id": "1908acf571d2452e2aa2d75d9a1b51697051e4d1",
            "sensitive_content": null,
            "source": null
          },
          "sensitive_attributes": [
            [
              {
                "type": "get_attr",
                "value": "sensitive_content"
              }
            ]
          ]
        }
      ]
    }
  ],
  "check_results": null
}
